// !$*UTF8*$!
{
	archiveVersion = 1;
	classes = {
	};
	objectVersion = 50;
	objects = {

/* Begin PBXBuildFile section */
		3215D16B22C9F33F002FC7FD /* AppDelegate.swift in Sources */ = {isa = PBXBuildFile; fileRef = 3215D16A22C9F33F002FC7FD /* AppDelegate.swift */; };
		3215D16D22C9F33F002FC7FD /* ViewController.swift in Sources */ = {isa = PBXBuildFile; fileRef = 3215D16C22C9F33F002FC7FD /* ViewController.swift */; };
		3215D17022C9F33F002FC7FD /* Main.storyboard in Resources */ = {isa = PBXBuildFile; fileRef = 3215D16E22C9F33F002FC7FD /* Main.storyboard */; };
		3215D17222C9F341002FC7FD /* Assets.xcassets in Resources */ = {isa = PBXBuildFile; fileRef = 3215D17122C9F341002FC7FD /* Assets.xcassets */; };
		3215D17522C9F341002FC7FD /* LaunchScreen.storyboard in Resources */ = {isa = PBXBuildFile; fileRef = 3215D17322C9F341002FC7FD /* LaunchScreen.storyboard */; };
		3215D18122C9F72F002FC7FD /* ing22.png in Resources */ = {isa = PBXBuildFile; fileRef = 3215D18022C9F72F002FC7FD /* ing22.png */; };
/* End PBXBuildFile section */

/* Begin PBXFileReference section */
		3215D16722C9F33F002FC7FD /* MyGita.app */ = {isa = PBXFileReference; explicitFileType = wrapper.application; includeInIndex = 0; path = MyGita.app; sourceTree = BUILT_PRODUCTS_DIR; };
		3215D16A22C9F33F002FC7FD /* AppDelegate.swift */ = {isa = PBXFileReference; lastKnownFileType = sourcecode.swift; path = AppDelegate.swift; sourceTree = "<group>"; };
		3215D16C22C9F33F002FC7FD /* ViewController.swift */ = {isa = PBXFileReference; lastKnownFileType = sourcecode.swift; path = ViewController.swift; sourceTree = "<group>"; };
		3215D16F22C9F33F002FC7FD /* Base */ = {isa = PBXFileReference; lastKnownFileType = file.storyboard; name = Base; path = Base.lproj/Main.storyboard; sourceTree = "<group>"; };
		3215D17122C9F341002FC7FD /* Assets.xcassets */ = {isa = PBXFileReference; lastKnownFileType = folder.assetcatalog; path = Assets.xcassets; sourceTree = "<group>"; };
		3215D17422C9F341002FC7FD /* Base */ = {isa = PBXFileReference; lastKnownFileType = file.storyboard; name = Base; path = Base.lproj/LaunchScreen.storyboard; sourceTree = "<group>"; };
		3215D17622C9F341002FC7FD /* Info.plist */ = {isa = PBXFileReference; lastKnownFileType = text.plist.xml; path = Info.plist; sourceTree = "<group>"; };
		3215D18022C9F72F002FC7FD /* ing22.png */ = {isa = PBXFileReference; lastKnownFileType = image.png; path = ing22.png; sourceTree = "<group>"; };
/* End PBXFileReference section */

/* Begin PBXFrameworksBuildPhase section */
		3215D16422C9F33F002FC7FD /* Frameworks */ = {
			isa = PBXFrameworksBuildPhase;
			buildActionMask = 2147483647;
			files = (
			);
			runOnlyForDeploymentPostprocessing = 0;
		};
/* End PBXFrameworksBuildPhase section */

/* Begin PBXGroup section */
		3215D15E22C9F33F002FC7FD = {
			isa = PBXGroup;
			children = (
				3215D16922C9F33F002FC7FD /* MyGita */,
				3215D16822C9F33F002FC7FD /* Products */,
			);
			sourceTree = "<group>";
		};
		3215D16822C9F33F002FC7FD /* Products */ = {
			isa = PBXGroup;
			children = (
				3215D16722C9F33F002FC7FD /* MyGita.app */,
			);
			name = Products;
			sourceTree = "<group>";
		};
		3215D16922C9F33F002FC7FD /* MyGita */ = {
			isa = PBXGroup;
			children = (
				3215D18022C9F72F002FC7FD /* ing22.png */,
				3215D16A22C9F33F002FC7FD /* AppDelegate.swift */,
				3215D16C22C9F33F002FC7FD /* ViewController.swift */,
				3215D16E22C9F33F002FC7FD /* Main.storyboard */,
				3215D17122C9F341002FC7FD /* Assets.xcassets */,
				3215D17322C9F341002FC7FD /* LaunchScreen.storyboard */,
				3215D17622C9F341002FC7FD /* Info.plist */,
			);
			path = MyGita;
			sourceTree = "<group>";
		};
/* End PBXGroup section */

/* Begin PBXNativeTarget section */
		3215D16622C9F33F002FC7FD /* MyGita */ = {
			isa = PBXNativeTarget;
			buildConfigurationList = 3215D17922C9F341002FC7FD /* Build configuration list for PBXNativeTarget "MyGita" */;
			buildPhases = (
				3215D16322C9F33F002FC7FD /* Sources */,
				3215D16422C9F33F002FC7FD /* Frameworks */,
				3215D16522C9F33F002FC7FD /* Resources */,
			);
			buildRules = (
			);
			dependencies = (
			);
			name = MyGita;
			productName = MyGita;
			productReference = 3215D16722C9F33F002FC7FD /* MyGita.app */;
			productType = "com.apple.product-type.application";
		};
/* End PBXNativeTarget section */

/* Begin PBXProject section */
		3215D15F22C9F33F002FC7FD /* Project object */ = {
			isa = PBXProject;
			attributes = {
				LastSwiftUpdateCheck = 1020;
				LastUpgradeCheck = 1020;
				ORGANIZATIONNAME = TJ;
				TargetAttributes = {
					3215D16622C9F33F002FC7FD = {
						CreatedOnToolsVersion = 10.2.1;
					};
				};
			};
			buildConfigurationList = 3215D16222C9F33F002FC7FD /* Build configuration list for PBXProject "MyGita" */;
			compatibilityVersion = "Xcode 9.3";
			developmentRegion = en;
			hasScannedForEncodings = 0;
			knownRegions = (
				en,
				Base,
			);
			mainGroup = 3215D15E22C9F33F002FC7FD;
			productRefGroup = 3215D16822C9F33F002FC7FD /* Products */;
			projectDirPath = "";
			projectRoot = "";
			targets = (
				3215D16622C9F33F002FC7FD /* MyGita */,
			);
		};
/* End PBXProject section */

/* Begin PBXResourcesBuildPhase section */
		3215D16522C9F33F002FC7FD /* Resources */ = {
			isa = PBXResourcesBuildPhase;
			buildActionMask = 2147483647;
			files = (
				3215D17522C9F341002FC7FD /* LaunchScreen.storyboard in Resources */,
				3215D17222C9F341002FC7FD /* Assets.xcassets in Resources */,
				3215D18122C9F72F002FC7FD /* ing22.png in Resources */,
				3215D17022C9F33F002FC7FD /* Main.storyboard in Resources */,
			);
			runOnlyForDeploymentPostprocessing = 0;
		};
/* End PBXResourcesBuildPhase section */

/* Begin PBXSourcesBuildPhase section */
		3215D16322C9F33F002FC7FD /* Sources */ = {
			isa = PBXSourcesBuildPhase;
			buildActionMask = 2147483647;
			files = (
				3215D16D22C9F33F002FC7FD /* ViewController.swift in Sources */,
				3215D16B22C9F33F002FC7FD /* AppDelegate.swift in Sources */,
			);
			runOnlyForDeploymentPostprocessing = 0;
		};
/* End PBXSourcesBuildPhase section */

/* Begin PBXVariantGroup section */
		3215D16E22C9F33F002FC7FD /* Main.storyboard */ = {
			isa = PBXVariantGroup;
			children = (
				3215D16F22C9F33F002FC7FD /* Base */,
			);
			name = Main.storyboard;
			sourceTree = "<group>";
		};
		3215D17322C9F341002FC7FD /* LaunchScreen.storyboard */ = {
			isa = PBXVariantGroup;
			children = (
				3215D17422C9F341002FC7FD /* Base */,
			);
			name = LaunchScreen.storyboard;
			sourceTree = "<group>";
		};
/* End PBXVariantGroup section */

/* Begin XCBuildConfiguration section */
		3215D17722C9F341002FC7FD /* Debug */ = {
			isa = XCBuildConfiguration;
			buildSettings = {
				ALWAYS_SEARCH_USER_PATHS = NO;
				CLANG_ANALYZER_NONNULL = YES;
				CLANG_ANALYZER_NUMBER_OBJECT_CONVERSION = YES_AGGRESSIVE;
				CLANG_CXX_LANGUAGE_STANDARD = "gnu++14";
				CLANG_CXX_LIBRARY = "libc++";
				CLANG_ENABLE_MODULES = YES;
				CLANG_ENABLE_OBJC_ARC = YES;
				CLANG_ENABLE_OBJC_WEAK = YES;
				CLANG_WARN_BLOCK_CAPTURE_AUTORELEASING = YES;
				CLANG_WARN_BOOL_CONVERSION = YES;
				CLANG_WARN_COMMA = YES;
				CLANG_WARN_CONSTANT_CONVERSION = YES;
				CLANG_WARN_DEPRECATED_OBJC_IMPLEMENTATIONS = YES;
				CLANG_WARN_DIRECT_OBJC_ISA_USAGE = YES_ERROR;
				CLANG_WARN_DOCUMENTATION_COMMENTS = YES;
				CLANG_WARN_EMPTY_BODY = YES;
				CLANG_WARN_ENUM_CONVERSION = YES;
				CLANG_WARN_INFINITE_RECURSION = YES;
				CLANG_WARN_INT_CONVERSION = YES;
				CLANG_WARN_NON_LITERAL_NULL_CONVERSION = YES;
				CLANG_WARN_OBJC_IMPLICIT_RETAIN_SELF = YES;
				CLANG_WARN_OBJC_LITERAL_CONVERSION = YES;
				CLANG_WARN_OBJC_ROOT_CLASS = YES_ERROR;
				CLANG_WARN_RANGE_LOOP_ANALYSIS = YES;
				CLANG_WARN_STRICT_PROTOTYPES = YES;
				CLANG_WARN_SUSPICIOUS_MOVE = YES;
				CLANG_WARN_UNGUARDED_AVAILABILITY = YES_AGGRESSIVE;
				CLANG_WARN_UNREACHABLE_CODE = YES;
				CLANG_WARN__DUPLICATE_METHOD_MATCH = YES;
				CODE_SIGN_IDENTITY = "iPhone Developer";
				COPY_PHASE_STRIP = NO;
				DEBUG_INFORMATION_FORMAT = dwarf;
				ENABLE_STRICT_OBJC_MSGSEND = YES;
				ENABLE_TESTABILITY = YES;
				GCC_C_LANGUAGE_STANDARD = gnu11;
				GCC_DYNAMIC_NO_PIC = NO;
				GCC_NO_COMMON_BLOCKS = YES;
				GCC_OPTIMIZATION_LEVEL = 0;
				GCC_PREPROCESSOR_DEFINITIONS = (
					"DEBUG=1",
					"$(inherited)",
				);
				GCC_WARN_64_TO_32_BIT_CONVERSION = YES;
				GCC_WARN_ABOUT_RETURN_TYPE = YES_ERROR;
				GCC_WARN_UNDECLARED_SELECTOR = YES;
				GCC_WARN_UNINITIALIZED_AUTOS = YES_AGGRESSIVE;
				GCC_WARN_UNUSED_FUNCTION = YES;
				GCC_WARN_UNUSED_VARIABLE = YES;
				IPHONEOS_DEPLOYMENT_TARGET = 12.2;
				MTL_ENABLE_DEBUG_INFO = INCLUDE_SOURCE;
				MTL_FAST_MATH = YES;
				ONLY_ACTIVE_ARCH = YES;
				SDKROOT = iphoneos;
				SWIFT_ACTIVE_COMPILATION_CONDITIONS = DEBUG;
				SWIFT_OPTIMIZATION_LEVEL = "-Onone";
			};
			name = Debug;
		};
		3215D17822C9F341002FC7FD /* Release */ = {
			isa = XCBuildConfiguration;
			buildSettings = {
				ALWAYS_SEARCH_USER_PATHS = NO;
				CLANG_ANALYZER_NONNULL = YES;
				CLANG_ANALYZER_NUMBER_OBJECT_CONVERSION = YES_AGGRESSIVE;
				CLANG_CXX_LANGUAGE_STANDARD = "gnu++14";
				CLANG_CXX_LIBRARY = "libc++";
				CLANG_ENABLE_MODULES = YES;
				CLANG_ENABLE_OBJC_ARC = YES;
				CLANG_ENABLE_OBJC_WEAK = YES;
				CLANG_WARN_BLOCK_CAPTURE_AUTORELEASING = YES;
				CLANG_WARN_BOOL_CONVERSION = YES;
				CLANG_WARN_COMMA = YES;
				CLANG_WARN_CONSTANT_CONVERSION = YES;
				CLANG_WARN_DEPRECATED_OBJC_IMPLEMENTATIONS = YES;
				CLANG_WARN_DIRECT_OBJC_ISA_USAGE = YES_ERROR;
				CLANG_WARN_DOCUMENTATION_COMMENTS = YES;
				CLANG_WARN_EMPTY_BODY = YES;
				CLANG_WARN_ENUM_CONVERSION = YES;
				CLANG_WARN_INFINITE_RECURSION = YES;
				CLANG_WARN_INT_CONVERSION = YES;
				CLANG_WARN_NON_LITERAL_NULL_CONVERSION = YES;
				CLANG_WARN_OBJC_IMPLICIT_RETAIN_SELF = YES;
				CLANG_WARN_OBJC_LITERAL_CONVERSION = YES;
				CLANG_WARN_OBJC_ROOT_CLASS = YES_ERROR;
				CLANG_WARN_RANGE_LOOP_ANALYSIS = YES;
				CLANG_WARN_STRICT_PROTOTYPES = YES;
				CLANG_WARN_SUSPICIOUS_MOVE = YES;
				CLANG_WARN_UNGUARDED_AVAILABILITY = YES_AGGRESSIVE;
				CLANG_WARN_UNREACHABLE_CODE = YES;
				CLANG_WARN__DUPLICATE_METHOD_MATCH = YES;
				CODE_SIGN_IDENTITY = "iPhone Developer";
				COPY_PHASE_STRIP = NO;
				DEBUG_INFORMATION_FORMAT = "dwarf-with-dsym";
				ENABLE_NS_ASSERTIONS = NO;
				ENABLE_STRICT_OBJC_MSGSEND = YES;
				GCC_C_LANGUAGE_STANDARD = gnu11;
				GCC_NO_COMMON_BLOCKS = YES;
				GCC_WARN_64_TO_32_BIT_CONVERSION = YES;
				GCC_WARN_ABOUT_RETURN_TYPE = YES_ERROR;
				GCC_WARN_UNDECLARED_SELECTOR = YES;
				GCC_WARN_UNINITIALIZED_AUTOS = YES_AGGRESSIVE;
				GCC_WARN_UNUSED_FUNCTION = YES;
				GCC_WARN_UNUSED_VARIABLE = YES;
				IPHONEOS_DEPLOYMENT_TARGET = 12.2;
				MTL_ENABLE_DEBUG_INFO = NO;
				MTL_FAST_MATH = YES;
				SDKROOT = iphoneos;
				SWIFT_COMPILATION_MODE = wholemodule;
				SWIFT_OPTIMIZATION_LEVEL = "-O";
				VALIDATE_PRODUCT = YES;
			};
			name = Release;
		};
		3215D17A22C9F341002FC7FD /* Debug */ = {
			isa = XCBuildConfiguration;
			buildSettings = {
				ASSETCATALOG_COMPILER_APPICON_NAME = AppIcon;
				CODE_SIGN_STYLE = Automatic;
				INFOPLIST_FILE = MyGita/Info.plist;
				LD_RUNPATH_SEARCH_PATHS = (
					"$(inherited)",
					"@executable_path/Frameworks",
				);
				PRODUCT_BUNDLE_IDENTIFIER = com.groot.MyGita;
				PRODUCT_NAME = "$(TARGET_NAME)";
				SWIFT_VERSION = 5.0;
				TARGETED_DEVICE_FAMILY = "1,2";
			};
			name = Debug;
		};
		3215D17B22C9F341002FC7FD /* Release */ = {
			isa = XCBuildConfiguration;
			buildSettings = {
				ASSETCATALOG_COMPILER_APPICON_NAME = AppIcon;
				CODE_SIGN_STYLE = Automatic;
				INFOPLIST_FILE = MyGita/Info.plist;
				LD_RUNPATH_SEARCH_PATHS = (
					"$(inherited)",
					"@executable_path/Frameworks",
				);
				PRODUCT_BUNDLE_IDENTIFIER = com.groot.MyGita;
				PRODUCT_NAME = "$(TARGET_NAME)";
				SWIFT_VERSION = 5.0;
				TARGETED_DEVICE_FAMILY = "1,2";
			};
			name = Release;
		};
/* End XCBuildConfiguration section */

/* Begin XCConfigurationList section */
		3215D16222C9F33F002FC7FD /* Build configuration list for PBXProject "MyGita" */ = {
			isa = XCConfigurationList;
			buildConfigurations = (
				3215D17722C9F341002FC7FD /* Debug */,
				3215D17822C9F341002FC7FD /* Release */,
			);
			defaultConfigurationIsVisible = 0;
			defaultConfigurationName = Release;
		};
		3215D17922C9F341002FC7FD /* Build configuration list for PBXNativeTarget "MyGita" */ = {
			isa = XCConfigurationList;
			buildConfigurations = (
				3215D17A22C9F341002FC7FD /* Debug */,
				3215D17B22C9F341002FC7FD /* Release */,
			);
			defaultConfigurationIsVisible = 0;
			defaultConfigurationName = Release;
		};
/* End XCConfigurationList section */
	};
	rootObject = 3215D15F22C9F33F002FC7FD /* Project object */;
}
